// !$*UTF8*$!
{
	archiveVersion = 1;
	classes = {
	};
	objectVersion = 48;
	objects = {

/* Begin PBXBuildFile section */
		3A828CB3207C6E3400FA231C /* AppDelegate.swift in Sources */ = {isa = PBXBuildFile; fileRef = 3A828CB2207C6E3400FA231C /* AppDelegate.swift */; };
		3A828CB5207C6E3500FA231C /* ViewController.swift in Sources */ = {isa = PBXBuildFile; fileRef = 3A828CB4207C6E3500FA231C /* ViewController.swift */; };
		3A828CB8207C6E3500FA231C /* Main.storyboard in Resources */ = {isa = PBXBuildFile; fileRef = 3A828CB6207C6E3500FA231C /* Main.storyboard */; };
		3A828CBA207C6E3500FA231C /* Assets.xcassets in Resources */ = {isa = PBXBuildFile; fileRef = 3A828CB9207C6E3500FA231C /* Assets.xcassets */; };
		3A828CBD207C6E3500FA231C /* LaunchScreen.storyboard in Resources */ = {isa = PBXBuildFile; fileRef = 3A828CBB207C6E3500FA231C /* LaunchScreen.storyboard */; };
		3A828CC8207C6E3500FA231C /* HansAddChildViewControllerTests.swift in Sources */ = {isa = PBXBuildFile; fileRef = 3A828CC7207C6E3500FA231C /* HansAddChildViewControllerTests.swift */; };
		3A828CD3207C6E3500FA231C /* HansAddChildViewControllerUITests.swift in Sources */ = {isa = PBXBuildFile; fileRef = 3A828CD2207C6E3500FA231C /* HansAddChildViewControllerUITests.swift */; };
/* End PBXBuildFile section */

/* Begin PBXContainerItemProxy section */
		3A828CC4207C6E3500FA231C /* PBXContainerItemProxy */ = {
			isa = PBXContainerItemProxy;
			containerPortal = 3A828CA7207C6E3400FA231C /* Project object */;
			proxyType = 1;
			remoteGlobalIDString = 3A828CAE207C6E3400FA231C;
			remoteInfo = HansAddChildViewController;
		};
		3A828CCF207C6E3500FA231C /* PBXContainerItemProxy */ = {
			isa = PBXContainerItemProxy;
			containerPortal = 3A828CA7207C6E3400FA231C /* Project object */;
			proxyType = 1;
			remoteGlobalIDString = 3A828CAE207C6E3400FA231C;
			remoteInfo = HansAddChildViewController;
		};
/* End PBXContainerItemProxy section */

/* Begin PBXFileReference section */
		3A828CAF207C6E3400FA231C /* HansAddChildViewController.app */ = {isa = PBXFileReference; explicitFileType = wrapper.application; includeInIndex = 0; path = HansAddChildViewController.app; sourceTree = BUILT_PRODUCTS_DIR; };
		3A828CB2207C6E3400FA231C /* AppDelegate.swift */ = {isa = PBXFileReference; lastKnownFileType = sourcecode.swift; path = AppDelegate.swift; sourceTree = "<group>"; };
		3A828CB4207C6E3500FA231C /* ViewController.swift */ = {isa = PBXFileReference; lastKnownFileType = sourcecode.swift; path = ViewController.swift; sourceTree = "<group>"; };
		3A828CB7207C6E3500FA231C /* Base */ = {isa = PBXFileReference; lastKnownFileType = file.storyboard; name = Base; path = Base.lproj/Main.storyboard; sourceTree = "<group>"; };
		3A828CB9207C6E3500FA231C /* Assets.xcassets */ = {isa = PBXFileReference; lastKnownFileType = folder.assetcatalog; path = Assets.xcassets; sourceTree = "<group>"; };
		3A828CBC207C6E3500FA231C /* Base */ = {isa = PBXFileReference; lastKnownFileType = file.storyboard; name = Base; path = Base.lproj/LaunchScreen.storyboard; sourceTree = "<group>"; };
		3A828CBE207C6E3500FA231C /* Info.plist */ = {isa = PBXFileReference; lastKnownFileType = text.plist.xml; path = Info.plist; sourceTree = "<group>"; };
		3A828CC3207C6E3500FA231C /* HansAddChildViewControllerTests.xctest */ = {isa = PBXFileReference; explicitFileType = wrapper.cfbundle; includeInIndex = 0; path = HansAddChildViewControllerTests.xctest; sourceTree = BUILT_PRODUCTS_DIR; };
		3A828CC7207C6E3500FA231C /* HansAddChildViewControllerTests.swift */ = {isa = PBXFileReference; lastKnownFileType = sourcecode.swift; path = HansAddChildViewControllerTests.swift; sourceTree = "<group>"; };
		3A828CC9207C6E3500FA231C /* Info.plist */ = {isa = PBXFileReference; lastKnownFileType = text.plist.xml; path = Info.plist; sourceTree = "<group>"; };
		3A828CCE207C6E3500FA231C /* HansAddChildViewControllerUITests.xctest */ = {isa = PBXFileReference; explicitFileType = wrapper.cfbundle; includeInIndex = 0; path = HansAddChildViewControllerUITests.xctest; sourceTree = BUILT_PRODUCTS_DIR; };
		3A828CD2207C6E3500FA231C /* HansAddChildViewControllerUITests.swift */ = {isa = PBXFileReference; lastKnownFileType = sourcecode.swift; path = HansAddChildViewControllerUITests.swift; sourceTree = "<group>"; };
		3A828CD4207C6E3500FA231C /* Info.plist */ = {isa = PBXFileReference; lastKnownFileType = text.plist.xml; path = Info.plist; sourceTree = "<group>"; };
/* End PBXFileReference section */

/* Begin PBXFrameworksBuildPhase section */
		3A828CAC207C6E3400FA231C /* Frameworks */ = {
			isa = PBXFrameworksBuildPhase;
			buildActionMask = 2147483647;
			files = (
			);
			runOnlyForDeploymentPostprocessing = 0;
		};
		3A828CC0207C6E3500FA231C /* Frameworks */ = {
			isa = PBXFrameworksBuildPhase;
			buildActionMask = 2147483647;
			files = (
			);
			runOnlyForDeploymentPostprocessing = 0;
		};
		3A828CCB207C6E3500FA231C /* Frameworks */ = {
			isa = PBXFrameworksBuildPhase;
			buildActionMask = 2147483647;
			files = (
			);
			runOnlyForDeploymentPostprocessing = 0;
		};
/* End PBXFrameworksBuildPhase section */

/* Begin PBXGroup section */
		3A828CA6207C6E3400FA231C = {
			isa = PBXGroup;
			children = (
				3A828CB1207C6E3400FA231C /* HansAddChildViewController */,
				3A828CC6207C6E3500FA231C /* HansAddChildViewControllerTests */,
				3A828CD1207C6E3500FA231C /* HansAddChildViewControllerUITests */,
				3A828CB0207C6E3400FA231C /* Products */,
			);
			sourceTree = "<group>";
		};
		3A828CB0207C6E3400FA231C /* Products */ = {
			isa = PBXGroup;
			children = (
				3A828CAF207C6E3400FA231C /* HansAddChildViewController.app */,
				3A828CC3207C6E3500FA231C /* HansAddChildViewControllerTests.xctest */,
				3A828CCE207C6E3500FA231C /* HansAddChildViewControllerUITests.xctest */,
			);
			name = Products;
			sourceTree = "<group>";
		};
		3A828CB1207C6E3400FA231C /* HansAddChildViewController */ = {
			isa = PBXGroup;
			children = (
				3A828CB2207C6E3400FA231C /* AppDelegate.swift */,
				3A828CB4207C6E3500FA231C /* ViewController.swift */,
				3A828CB6207C6E3500FA231C /* Main.storyboard */,
				3A828CB9207C6E3500FA231C /* Assets.xcassets */,
				3A828CBB207C6E3500FA231C /* LaunchScreen.storyboard */,
				3A828CBE207C6E3500FA231C /* Info.plist */,
			);
			path = HansAddChildViewController;
			sourceTree = "<group>";
		};
		3A828CC6207C6E3500FA231C /* HansAddChildViewControllerTests */ = {
			isa = PBXGroup;
			children = (
				3A828CC7207C6E3500FA231C /* HansAddChildViewControllerTests.swift */,
				3A828CC9207C6E3500FA231C /* Info.plist */,
			);
			path = HansAddChildViewControllerTests;
			sourceTree = "<group>";
		};
		3A828CD1207C6E3500FA231C /* HansAddChildViewControllerUITests */ = {
			isa = PBXGroup;
			children = (
				3A828CD2207C6E3500FA231C /* HansAddChildViewControllerUITests.swift */,
				3A828CD4207C6E3500FA231C /* Info.plist */,
			);
			path = HansAddChildViewControllerUITests;
			sourceTree = "<group>";
		};
/* End PBXGroup section */

/* Begin PBXNativeTarget section */
		3A828CAE207C6E3400FA231C /* HansAddChildViewController */ = {
			isa = PBXNativeTarget;
			buildConfigurationList = 3A828CD7207C6E3500FA231C /* Build configuration list for PBXNativeTarget "HansAddChildViewController" */;
			buildPhases = (
				3A828CAB207C6E3400FA231C /* Sources */,
				3A828CAC207C6E3400FA231C /* Frameworks */,
				3A828CAD207C6E3400FA231C /* Resources */,
			);
			buildRules = (
			);
			dependencies = (
			);
			name = HansAddChildViewController;
			productName = HansAddChildViewController;
			productReference = 3A828CAF207C6E3400FA231C /* HansAddChildViewController.app */;
			productType = "com.apple.product-type.application";
		};
		3A828CC2207C6E3500FA231C /* HansAddChildViewControllerTests */ = {
			isa = PBXNativeTarget;
			buildConfigurationList = 3A828CDA207C6E3500FA231C /* Build configuration list for PBXNativeTarget "HansAddChildViewControllerTests" */;
			buildPhases = (
				3A828CBF207C6E3500FA231C /* Sources */,
				3A828CC0207C6E3500FA231C /* Frameworks */,
				3A828CC1207C6E3500FA231C /* Resources */,
			);
			buildRules = (
			);
			dependencies = (
				3A828CC5207C6E3500FA231C /* PBXTargetDependency */,
			);
			name = HansAddChildViewControllerTests;
			productName = HansAddChildViewControllerTests;
			productReference = 3A828CC3207C6E3500FA231C /* HansAddChildViewControllerTests.xctest */;
			productType = "com.apple.product-type.bundle.unit-test";
		};
		3A828CCD207C6E3500FA231C /* HansAddChildViewControllerUITests */ = {
			isa = PBXNativeTarget;
			buildConfigurationList = 3A828CDD207C6E3500FA231C /* Build configuration list for PBXNativeTarget "HansAddChildViewControllerUITests" */;
			buildPhases = (
				3A828CCA207C6E3500FA231C /* Sources */,
				3A828CCB207C6E3500FA231C /* Frameworks */,
				3A828CCC207C6E3500FA231C /* Resources */,
			);
			buildRules = (
			);
			dependencies = (
				3A828CD0207C6E3500FA231C /* PBXTargetDependency */,
			);
			name = HansAddChildViewControllerUITests;
			productName = HansAddChildViewControllerUITests;
			productReference = 3A828CCE207C6E3500FA231C /* HansAddChildViewControllerUITests.xctest */;
			productType = "com.apple.product-type.bundle.ui-testing";
		};
/* End PBXNativeTarget section */

/* Begin PBXProject section */
		3A828CA7207C6E3400FA231C /* Project object */ = {
			isa = PBXProject;
			attributes = {
				LastSwiftUpdateCheck = 0920;
				LastUpgradeCheck = 0920;
				ORGANIZATIONNAME = hans;
				TargetAttributes = {
					3A828CAE207C6E3400FA231C = {
						CreatedOnToolsVersion = 9.2;
						ProvisioningStyle = Automatic;
					};
					3A828CC2207C6E3500FA231C = {
						CreatedOnToolsVersion = 9.2;
						ProvisioningStyle = Automatic;
						TestTargetID = 3A828CAE207C6E3400FA231C;
					};
					3A828CCD207C6E3500FA231C = {
						CreatedOnToolsVersion = 9.2;
						ProvisioningStyle = Automatic;
						TestTargetID = 3A828CAE207C6E3400FA231C;
					};
				};
			};
			buildConfigurationList = 3A828CAA207C6E3400FA231C /* Build configuration list for PBXProject "HansAddChildViewController" */;
			compatibilityVersion = "Xcode 8.0";
			developmentRegion = en;
			hasScannedForEncodings = 0;
			knownRegions = (
				en,
				Base,
			);
			mainGroup = 3A828CA6207C6E3400FA231C;
			productRefGroup = 3A828CB0207C6E3400FA231C /* Products */;
			projectDirPath = "";
			projectRoot = "";
			targets = (
				3A828CAE207C6E3400FA231C /* HansAddChildViewController */,
				3A828CC2207C6E3500FA231C /* HansAddChildViewControllerTests */,
				3A828CCD207C6E3500FA231C /* HansAddChildViewControllerUITests */,
			);
		};
/* End PBXProject section */

/* Begin PBXResourcesBuildPhase section */
		3A828CAD207C6E3400FA231C /* Resources */ = {
			isa = PBXResourcesBuildPhase;
			buildActionMask = 2147483647;
			files = (
				3A828CBD207C6E3500FA231C /* LaunchScreen.storyboard in Resources */,
				3A828CBA207C6E3500FA231C /* Assets.xcassets in Resources */,
				3A828CB8207C6E3500FA231C /* Main.storyboard in Resources */,
			);
			runOnlyForDeploymentPostprocessing = 0;
		};
		3A828CC1207C6E3500FA231C /* Resources */ = {
			isa = PBXResourcesBuildPhase;
			buildActionMask = 2147483647;
			files = (
			);
			runOnlyForDeploymentPostprocessing = 0;
		};
		3A828CCC207C6E3500FA231C /* Resources */ = {
			isa = PBXResourcesBuildPhase;
			buildActionMask = 2147483647;
			files = (
			);
			runOnlyForDeploymentPostprocessing = 0;
		};
/* End PBXResourcesBuildPhase section */

/* Begin PBXSourcesBuildPhase section */
		3A828CAB207C6E3400FA231C /* Sources */ = {
			isa = PBXSourcesBuildPhase;
			buildActionMask = 2147483647;
			files = (
				3A828CB5207C6E3500FA231C /* ViewController.swift in Sources */,
				3A828CB3207C6E3400FA231C /* AppDelegate.swift in Sources */,
			);
			runOnlyForDeploymentPostprocessing = 0;
		};
		3A828CBF207C6E3500FA231C /* Sources */ = {
			isa = PBXSourcesBuildPhase;
			buildActionMask = 2147483647;
			files = (
				3A828CC8207C6E3500FA231C /* HansAddChildViewControllerTests.swift in Sources */,
			);
			runOnlyForDeploymentPostprocessing = 0;
		};
		3A828CCA207C6E3500FA231C /* Sources */ = {
			isa = PBXSourcesBuildPhase;
			buildActionMask = 2147483647;
			files = (
				3A828CD3207C6E3500FA231C /* HansAddChildViewControllerUITests.swift in Sources */,
			);
			runOnlyForDeploymentPostprocessing = 0;
		};
/* End PBXSourcesBuildPhase section */

/* Begin PBXTargetDependency section */
		3A828CC5207C6E3500FA231C /* PBXTargetDependency */ = {
			isa = PBXTargetDependency;
			target = 3A828CAE207C6E3400FA231C /* HansAddChildViewController */;
			targetProxy = 3A828CC4207C6E3500FA231C /* PBXContainerItemProxy */;
		};
		3A828CD0207C6E3500FA231C /* PBXTargetDependency */ = {
			isa = PBXTargetDependency;
			target = 3A828CAE207C6E3400FA231C /* HansAddChildViewController */;
			targetProxy = 3A828CCF207C6E3500FA231C /* PBXContainerItemProxy */;
		};
/* End PBXTargetDependency section */

/* Begin PBXVariantGroup section */
		3A828CB6207C6E3500FA231C /* Main.storyboard */ = {
			isa = PBXVariantGroup;
			children = (
				3A828CB7207C6E3500FA231C /* Base */,
			);
			name = Main.storyboard;
			sourceTree = "<group>";
		};
		3A828CBB207C6E3500FA231C /* LaunchScreen.storyboard */ = {
			isa = PBXVariantGroup;
			children = (
				3A828CBC207C6E3500FA231C /* Base */,
			);
			name = LaunchScreen.storyboard;
			sourceTree = "<group>";
		};
/* End PBXVariantGroup section */

/* Begin XCBuildConfiguration section */
		3A828CD5207C6E3500FA231C /* Debug */ = {
			isa = XCBuildConfiguration;
			buildSettings = {
				ALWAYS_SEARCH_USER_PATHS = NO;
				CLANG_ANALYZER_NONNULL = YES;
				CLANG_ANALYZER_NUMBER_OBJECT_CONVERSION = YES_AGGRESSIVE;
				CLANG_CXX_LANGUAGE_STANDARD = "gnu++14";
				CLANG_CXX_LIBRARY = "libc++";
				CLANG_ENABLE_MODULES = YES;
				CLANG_ENABLE_OBJC_ARC = YES;
				CLANG_WARN_BLOCK_CAPTURE_AUTORELEASING = YES;
				CLANG_WARN_BOOL_CONVERSION = YES;
				CLANG_WARN_COMMA = YES;
				CLANG_WARN_CONSTANT_CONVERSION = YES;
				CLANG_WARN_DIRECT_OBJC_ISA_USAGE = YES_ERROR;
				CLANG_WARN_DOCUMENTATION_COMMENTS = YES;
				CLANG_WARN_EMPTY_BODY = YES;
				CLANG_WARN_ENUM_CONVERSION = YES;
				CLANG_WARN_INFINITE_RECURSION = YES;
				CLANG_WARN_INT_CONVERSION = YES;
				CLANG_WARN_NON_LITERAL_NULL_CONVERSION = YES;
				CLANG_WARN_OBJC_LITERAL_CONVERSION = YES;
				CLANG_WARN_OBJC_ROOT_CLASS = YES_ERROR;
				CLANG_WARN_RANGE_LOOP_ANALYSIS = YES;
				CLANG_WARN_STRICT_PROTOTYPES = YES;
				CLANG_WARN_SUSPICIOUS_MOVE = YES;
				CLANG_WARN_UNGUARDED_AVAILABILITY = YES_AGGRESSIVE;
				CLANG_WARN_UNREACHABLE_CODE = YES;
				CLANG_WARN__DUPLICATE_METHOD_MATCH = YES;
				CODE_SIGN_IDENTITY = "iPhone Developer";
				COPY_PHASE_STRIP = NO;
				DEBUG_INFORMATION_FORMAT = dwarf;
				ENABLE_STRICT_OBJC_MSGSEND = YES;
				ENABLE_TESTABILITY = YES;
				GCC_C_LANGUAGE_STANDARD = gnu11;
				GCC_DYNAMIC_NO_PIC = NO;
				GCC_NO_COMMON_BLOCKS = YES;
				GCC_OPTIMIZATION_LEVEL = 0;
				GCC_PREPROCESSOR_DEFINITIONS = (
					"DEBUG=1",
					"$(inherited)",
				);
				GCC_WARN_64_TO_32_BIT_CONVERSION = YES;
				GCC_WARN_ABOUT_RETURN_TYPE = YES_ERROR;
				GCC_WARN_UNDECLARED_SELECTOR = YES;
				GCC_WARN_UNINITIALIZED_AUTOS = YES_AGGRESSIVE;
				GCC_WARN_UNUSED_FUNCTION = YES;
				GCC_WARN_UNUSED_VARIABLE = YES;
				IPHONEOS_DEPLOYMENT_TARGET = 11.2;
				MTL_ENABLE_DEBUG_INFO = YES;
				ONLY_ACTIVE_ARCH = YES;
				SDKROOT = iphoneos;
				SWIFT_ACTIVE_COMPILATION_CONDITIONS = DEBUG;
				SWIFT_OPTIMIZATION_LEVEL = "-Onone";
			};
			name = Debug;
		};
		3A828CD6207C6E3500FA231C /* Release */ = {
			isa = XCBuildConfiguration;
			buildSettings = {
				ALWAYS_SEARCH_USER_PATHS = NO;
				CLANG_ANALYZER_NONNULL = YES;
				CLANG_ANALYZER_NUMBER_OBJECT_CONVERSION = YES_AGGRESSIVE;
				CLANG_CXX_LANGUAGE_STANDARD = "gnu++14";
				CLANG_CXX_LIBRARY = "libc++";
				CLANG_ENABLE_MODULES = YES;
				CLANG_ENABLE_OBJC_ARC = YES;
				CLANG_WARN_BLOCK_CAPTURE_AUTORELEASING = YES;
				CLANG_WARN_BOOL_CONVERSION = YES;
				CLANG_WARN_COMMA = YES;
				CLANG_WARN_CONSTANT_CONVERSION = YES;
				CLANG_WARN_DIRECT_OBJC_ISA_USAGE = YES_ERROR;
				CLANG_WARN_DOCUMENTATION_COMMENTS = YES;
				CLANG_WARN_EMPTY_BODY = YES;
				CLANG_WARN_ENUM_CONVERSION = YES;
				CLANG_WARN_INFINITE_RECURSION = YES;
				CLANG_WARN_INT_CONVERSION = YES;
				CLANG_WARN_NON_LITERAL_NULL_CONVERSION = YES;
				CLANG_WARN_OBJC_LITERAL_CONVERSION = YES;
				CLANG_WARN_OBJC_ROOT_CLASS = YES_ERROR;
				CLANG_WARN_RANGE_LOOP_ANALYSIS = YES;
				CLANG_WARN_STRICT_PROTOTYPES = YES;
				CLANG_WARN_SUSPICIOUS_MOVE = YES;
				CLANG_WARN_UNGUARDED_AVAILABILITY = YES_AGGRESSIVE;
				CLANG_WARN_UNREACHABLE_CODE = YES;
				CLANG_WARN__DUPLICATE_METHOD_MATCH = YES;
				CODE_SIGN_IDENTITY = "iPhone Developer";
				COPY_PHASE_STRIP = NO;
				DEBUG_INFORMATION_FORMAT = "dwarf-with-dsym";
				ENABLE_NS_ASSERTIONS = NO;
				ENABLE_STRICT_OBJC_MSGSEND = YES;
				GCC_C_LANGUAGE_STANDARD = gnu11;
				GCC_NO_COMMON_BLOCKS = YES;
				GCC_WARN_64_TO_32_BIT_CONVERSION = YES;
				GCC_WARN_ABOUT_RETURN_TYPE = YES_ERROR;
				GCC_WARN_UNDECLARED_SELECTOR = YES;
				GCC_WARN_UNINITIALIZED_AUTOS = YES_AGGRESSIVE;
				GCC_WARN_UNUSED_FUNCTION = YES;
				GCC_WARN_UNUSED_VARIABLE = YES;
				IPHONEOS_DEPLOYMENT_TARGET = 11.2;
				MTL_ENABLE_DEBUG_INFO = NO;
				SDKROOT = iphoneos;
				SWIFT_OPTIMIZATION_LEVEL = "-Owholemodule";
				VALIDATE_PRODUCT = YES;
			};
			name = Release;
		};
		3A828CD8207C6E3500FA231C /* Debug */ = {
			isa = XCBuildConfiguration;
			buildSettings = {
				ASSETCATALOG_COMPILER_APPICON_NAME = AppIcon;
				CODE_SIGN_STYLE = Automatic;
				DEVELOPMENT_TEAM = K3KX659AR4;
				INFOPLIST_FILE = HansAddChildViewController/Info.plist;
				LD_RUNPATH_SEARCH_PATHS = "$(inherited) @executable_path/Frameworks";
				PRODUCT_BUNDLE_IDENTIFIER = com.hans.HansAddChildViewController;
				PRODUCT_NAME = "$(TARGET_NAME)";
				SWIFT_VERSION = 4.0;
				TARGETED_DEVICE_FAMILY = "1,2";
			};
			name = Debug;
		};
		3A828CD9207C6E3500FA231C /* Release */ = {
			isa = XCBuildConfiguration;
			buildSettings = {
				ASSETCATALOG_COMPILER_APPICON_NAME = AppIcon;
				CODE_SIGN_STYLE = Automatic;
				DEVELOPMENT_TEAM = K3KX659AR4;
				INFOPLIST_FILE = HansAddChildViewController/Info.plist;
				LD_RUNPATH_SEARCH_PATHS = "$(inherited) @executable_path/Frameworks";
				PRODUCT_BUNDLE_IDENTIFIER = com.hans.HansAddChildViewController;
				PRODUCT_NAME = "$(TARGET_NAME)";
				SWIFT_VERSION = 4.0;
				TARGETED_DEVICE_FAMILY = "1,2";
			};
			name = Release;
		};
		3A828CDB207C6E3500FA231C /* Debug */ = {
			isa = XCBuildConfiguration;
			buildSettings = {
				ALWAYS_EMBED_SWIFT_STANDARD_LIBRARIES = YES;
				BUNDLE_LOADER = "$(TEST_HOST)";
				CODE_SIGN_STYLE = Automatic;
				DEVELOPMENT_TEAM = K3KX659AR4;
				INFOPLIST_FILE = HansAddChildViewControllerTests/Info.plist;
				LD_RUNPATH_SEARCH_PATHS = "$(inherited) @executable_path/Frameworks @loader_path/Frameworks";
				PRODUCT_BUNDLE_IDENTIFIER = com.hans.HansAddChildViewControllerTests;
				PRODUCT_NAME = "$(TARGET_NAME)";
				SWIFT_VERSION = 4.0;
				TARGETED_DEVICE_FAMILY = "1,2";
				TEST_HOST = "$(BUILT_PRODUCTS_DIR)/HansAddChildViewController.app/HansAddChildViewController";
			};
			name = Debug;
		};
		3A828CDC207C6E3500FA231C /* Release */ = {
			isa = XCBuildConfiguration;
			buildSettings = {
				ALWAYS_EMBED_SWIFT_STANDARD_LIBRARIES = YES;
				BUNDLE_LOADER = "$(TEST_HOST)";
				CODE_SIGN_STYLE = Automatic;
				DEVELOPMENT_TEAM = K3KX659AR4;
				INFOPLIST_FILE = HansAddChildViewControllerTests/Info.plist;
				LD_RUNPATH_SEARCH_PATHS = "$(inherited) @executable_path/Frameworks @loader_path/Frameworks";
				PRODUCT_BUNDLE_IDENTIFIER = com.hans.HansAddChildViewControllerTests;
				PRODUCT_NAME = "$(TARGET_NAME)";
				SWIFT_VERSION = 4.0;
				TARGETED_DEVICE_FAMILY = "1,2";
				TEST_HOST = "$(BUILT_PRODUCTS_DIR)/HansAddChildViewController.app/HansAddChildViewController";
			};
			name = Release;
		};
		3A828CDE207C6E3500FA231C /* Debug */ = {
			isa = XCBuildConfiguration;
			buildSettings = {
				ALWAYS_EMBED_SWIFT_STANDARD_LIBRARIES = YES;
				CODE_SIGN_STYLE = Automatic;
				DEVELOPMENT_TEAM = K3KX659AR4;
				INFOPLIST_FILE = HansAddChildViewControllerUITests/Info.plist;
				LD_RUNPATH_SEARCH_PATHS = "$(inherited) @executable_path/Frameworks @loader_path/Frameworks";
				PRODUCT_BUNDLE_IDENTIFIER = com.hans.HansAddChildViewControllerUITests;
				PRODUCT_NAME = "$(TARGET_NAME)";
				SWIFT_VERSION = 4.0;
				TARGETED_DEVICE_FAMILY = "1,2";
				TEST_TARGET_NAME = HansAddChildViewController;
			};
			name = Debug;
		};
		3A828CDF207C6E3500FA231C /* Release */ = {
			isa = XCBuildConfiguration;
			buildSettings = {
				ALWAYS_EMBED_SWIFT_STANDARD_LIBRARIES = YES;
				CODE_SIGN_STYLE = Automatic;
				DEVELOPMENT_TEAM = K3KX659AR4;
				INFOPLIST_FILE = HansAddChildViewControllerUITests/Info.plist;
				LD_RUNPATH_SEARCH_PATHS = "$(inherited) @executable_path/Frameworks @loader_path/Frameworks";
				PRODUCT_BUNDLE_IDENTIFIER = com.hans.HansAddChildViewControllerUITests;
				PRODUCT_NAME = "$(TARGET_NAME)";
				SWIFT_VERSION = 4.0;
				TARGETED_DEVICE_FAMILY = "1,2";
				TEST_TARGET_NAME = HansAddChildViewController;
			};
			name = Release;
		};
/* End XCBuildConfiguration section */

/* Begin XCConfigurationList section */
		3A828CAA207C6E3400FA231C /* Build configuration list for PBXProject "HansAddChildViewController" */ = {
			isa = XCConfigurationList;
			buildConfigurations = (
				3A828CD5207C6E3500FA231C /* Debug */,
				3A828CD6207C6E3500FA231C /* Release */,
			);
			defaultConfigurationIsVisible = 0;
			defaultConfigurationName = Release;
		};
		3A828CD7207C6E3500FA231C /* Build configuration list for PBXNativeTarget "HansAddChildViewController" */ = {
			isa = XCConfigurationList;
			buildConfigurations = (
				3A828CD8207C6E3500FA231C /* Debug */,
				3A828CD9207C6E3500FA231C /* Release */,
			);
			defaultConfigurationIsVisible = 0;
			defaultConfigurationName = Release;
		};
		3A828CDA207C6E3500FA231C /* Build configuration list for PBXNativeTarget "HansAddChildViewControllerTests" */ = {
			isa = XCConfigurationList;
			buildConfigurations = (
				3A828CDB207C6E3500FA231C /* Debug */,
				3A828CDC207C6E3500FA231C /* Release */,
			);
			defaultConfigurationIsVisible = 0;
			defaultConfigurationName = Release;
		};
		3A828CDD207C6E3500FA231C /* Build configuration list for PBXNativeTarget "HansAddChildViewControllerUITests" */ = {
			isa = XCConfigurationList;
			buildConfigurations = (
				3A828CDE207C6E3500FA231C /* Debug */,
				3A828CDF207C6E3500FA231C /* Release */,
			);
			defaultConfigurationIsVisible = 0;
			defaultConfigurationName = Release;
		};
/* End XCConfigurationList section */
	};
	rootObject = 3A828CA7207C6E3400FA231C /* Project object */;
}
